
Microsoft Visual Studio Solution File, Format Version 12.00
# Visual Studio 15
VisualStudioVersion = 15.0.28306.52
MinimumVisualStudioVersion = 10.0.40219.1
Project("{FAE04EC0-301F-11D3-BF4B-00C04F79EFBC}") = "SchedulerTests", "Scheduler\SchedulerTests.csproj", "{344BB8E6-343A-4F5E-A995-9839AD2FDEC8}"
EndProject
Project("{FAE04EC0-301F-11D3-BF4B-00C04F79EFBC}") = "Excel_Import_Export", "Excel_Import_Export\Excel_Import_Export.csproj", "{462F8E07-16C9-413C-A800-141D6AC3F741}"
EndProject
Global
	GlobalSection(SolutionConfigurationPlatforms) = preSolution
		Debug|Any CPU = Debug|Any CPU
		Release|Any CPU = Release|Any CPU
	EndGlobalSection
	GlobalSection(ProjectConfigurationPlatforms) = postSolution
		{344BB8E6-343A-4F5E-A995-9839AD2FDEC8}.Debug|Any CPU.ActiveCfg = Debug|Any CPU
		{344BB8E6-343A-4F5E-A995-9839AD2FDEC8}.Debug|Any CPU.Build.0 = Debug|Any CPU
		{344BB8E6-343A-4F5E-A995-9839AD2FDEC8}.Release|Any CPU.ActiveCfg = Release|Any CPU
		{344BB8E6-343A-4F5E-A995-9839AD2FDEC8}.Release|Any CPU.Build.0 = Release|Any CPU
		{462F8E07-16C9-413C-A800-141D6AC3F741}.Debug|Any CPU.ActiveCfg = Debug|Any CPU
		{462F8E07-16C9-413C-A800-141D6AC3F741}.Debug|Any CPU.Build.0 = Debug|Any CPU
		{462F8E07-16C9-413C-A800-141D6AC3F741}.Release|Any CPU.ActiveCfg = Release|Any CPU
		{462F8E07-16C9-413C-A800-141D6AC3F741}.Release|Any CPU.Build.0 = Release|Any CPU
	EndGlobalSection
	GlobalSection(SolutionProperties) = preSolution
		HideSolutionNode = FALSE
	EndGlobalSection
	GlobalSection(ExtensibilityGlobals) = postSolution
		SolutionGuid = {76FEC3F3-42BA-4033-BE75-9EC80A49872C}
	EndGlobalSection
EndGlobal
