
Microsoft Visual Studio Solution File, Format Version 12.00
# Visual Studio 15
VisualStudioVersion = 15.0.28306.52
MinimumVisualStudioVersion = 10.0.40219.1
Project("{FAE04EC0-301F-11D3-BF4B-00C04F79EFBC}") = "Excel_Import_Export", "Excel_Import_Export\Excel_Import_Export.csproj", "{462F8E07-16C9-413C-A800-141D6AC3F741}"
EndProject
Project("{FAE04EC0-301F-11D3-BF4B-00C04F79EFBC}") = "Excel_Import_Export.Tests", "Scheduler_Tests\Excel_Import_Export.Tests.csproj", "{344BB8E6-343A-4F5E-A995-9839AD2FDEC8}"
EndProject
Project("{FAE04EC0-301F-11D3-BF4B-00C04F79EFBC}") = "XML_Utils", "XML_Utils\XML_Utils.csproj", "{75563EBE-F227-48BF-8E17-69145C2087DF}"
EndProject
Project("{FAE04EC0-301F-11D3-BF4B-00C04F79EFBC}") = "Scheduler", "ALF_Scheduler\Scheduler.csproj", "{0544F3CA-391F-4940-8E95-E8508446581E}"
EndProject
Project("{FAE04EC0-301F-11D3-BF4B-00C04F79EFBC}") = "Parser.Tests", "ALF_Scheduler.Tests\Parser.Tests.csproj", "{1244F8CC-EE98-4396-816B-2438A106E05D}"
EndProject
Project("{9A19103F-16F7-4668-BE54-9A1E7A4F7556}") = "Services.Tests", "Services.Tests\Services.Tests.csproj", "{1AC23E27-6E70-4B91-8372-1ABC1B0E8822}"
EndProject
Project("{FAE04EC0-301F-11D3-BF4B-00C04F79EFBC}") = "Schedule_Algorithm", "Schedule_Algorithm\Schedule_Algorithm.csproj", "{FA780254-DC8F-4F37-82AF-0F51B4CA9BBA}"
EndProject
Global
	GlobalSection(SolutionConfigurationPlatforms) = preSolution
		Debug|Any CPU = Debug|Any CPU
		Release|Any CPU = Release|Any CPU
	EndGlobalSection
	GlobalSection(ProjectConfigurationPlatforms) = postSolution
		{462F8E07-16C9-413C-A800-141D6AC3F741}.Debug|Any CPU.ActiveCfg = Debug|Any CPU
		{462F8E07-16C9-413C-A800-141D6AC3F741}.Debug|Any CPU.Build.0 = Debug|Any CPU
		{462F8E07-16C9-413C-A800-141D6AC3F741}.Release|Any CPU.ActiveCfg = Release|Any CPU
		{462F8E07-16C9-413C-A800-141D6AC3F741}.Release|Any CPU.Build.0 = Release|Any CPU
		{344BB8E6-343A-4F5E-A995-9839AD2FDEC8}.Debug|Any CPU.ActiveCfg = Debug|Any CPU
		{344BB8E6-343A-4F5E-A995-9839AD2FDEC8}.Debug|Any CPU.Build.0 = Debug|Any CPU
		{344BB8E6-343A-4F5E-A995-9839AD2FDEC8}.Release|Any CPU.ActiveCfg = Release|Any CPU
		{344BB8E6-343A-4F5E-A995-9839AD2FDEC8}.Release|Any CPU.Build.0 = Release|Any CPU
		{75563EBE-F227-48BF-8E17-69145C2087DF}.Debug|Any CPU.ActiveCfg = Debug|Any CPU
		{75563EBE-F227-48BF-8E17-69145C2087DF}.Debug|Any CPU.Build.0 = Debug|Any CPU
		{75563EBE-F227-48BF-8E17-69145C2087DF}.Release|Any CPU.ActiveCfg = Release|Any CPU
		{75563EBE-F227-48BF-8E17-69145C2087DF}.Release|Any CPU.Build.0 = Release|Any CPU
		{0544F3CA-391F-4940-8E95-E8508446581E}.Debug|Any CPU.ActiveCfg = Debug|Any CPU
		{0544F3CA-391F-4940-8E95-E8508446581E}.Debug|Any CPU.Build.0 = Debug|Any CPU
		{0544F3CA-391F-4940-8E95-E8508446581E}.Release|Any CPU.ActiveCfg = Release|Any CPU
		{0544F3CA-391F-4940-8E95-E8508446581E}.Release|Any CPU.Build.0 = Release|Any CPU
		{1244F8CC-EE98-4396-816B-2438A106E05D}.Debug|Any CPU.ActiveCfg = Debug|Any CPU
		{1244F8CC-EE98-4396-816B-2438A106E05D}.Debug|Any CPU.Build.0 = Debug|Any CPU
		{1244F8CC-EE98-4396-816B-2438A106E05D}.Release|Any CPU.ActiveCfg = Release|Any CPU
		{1244F8CC-EE98-4396-816B-2438A106E05D}.Release|Any CPU.Build.0 = Release|Any CPU
		{1AC23E27-6E70-4B91-8372-1ABC1B0E8822}.Debug|Any CPU.ActiveCfg = Debug|Any CPU
		{1AC23E27-6E70-4B91-8372-1ABC1B0E8822}.Debug|Any CPU.Build.0 = Debug|Any CPU
		{1AC23E27-6E70-4B91-8372-1ABC1B0E8822}.Release|Any CPU.ActiveCfg = Release|Any CPU
		{1AC23E27-6E70-4B91-8372-1ABC1B0E8822}.Release|Any CPU.Build.0 = Release|Any CPU
		{FA780254-DC8F-4F37-82AF-0F51B4CA9BBA}.Debug|Any CPU.ActiveCfg = Debug|Any CPU
		{FA780254-DC8F-4F37-82AF-0F51B4CA9BBA}.Debug|Any CPU.Build.0 = Debug|Any CPU
		{FA780254-DC8F-4F37-82AF-0F51B4CA9BBA}.Release|Any CPU.ActiveCfg = Release|Any CPU
		{FA780254-DC8F-4F37-82AF-0F51B4CA9BBA}.Release|Any CPU.Build.0 = Release|Any CPU
	EndGlobalSection
	GlobalSection(SolutionProperties) = preSolution
		HideSolutionNode = FALSE
	EndGlobalSection
	GlobalSection(ExtensibilityGlobals) = postSolution
		SolutionGuid = {3E5834CC-885A-44FA-BB87-A97D2F352760}
	EndGlobalSection
EndGlobal
